
Microsoft Visual Studio Solution File, Format Version 12.00
# Visual Studio Version 17
VisualStudioVersion = 17.1.32319.34
MinimumVisualStudioVersion = 10.0.40219.1
Project("{2150E333-8FDC-42A3-9474-1A3956D46DE8}") = "SourceCode", "SourceCode", "{9AB77E0E-5815-4EAD-953E-B2A7A863FD46}"
EndProject
Project("{FAE04EC0-301F-11D3-BF4B-00C04F79EFBC}") = "VendingMachine.Core", "VendingMachine.Core\VendingMachine.Core.csproj", "{8CB81C4F-1880-42B9-BC1E-7B2C604745D2}"
EndProject
Project("{FAE04EC0-301F-11D3-BF4B-00C04F79EFBC}") = "VendingMachine.UI", "VendingMachine.UI\VendingMachine.UI.csproj", "{1E73AB25-7A24-4FFE-A275-FF7618655C7F}"
EndProject
Global
	GlobalSection(SolutionConfigurationPlatforms) = preSolution
		Debug|Any CPU = Debug|Any CPU
		Release|Any CPU = Release|Any CPU
	EndGlobalSection
	GlobalSection(ProjectConfigurationPlatforms) = postSolution
		{8CB81C4F-1880-42B9-BC1E-7B2C604745D2}.Debug|Any CPU.ActiveCfg = Debug|Any CPU
		{8CB81C4F-1880-42B9-BC1E-7B2C604745D2}.Debug|Any CPU.Build.0 = Debug|Any CPU
		{8CB81C4F-1880-42B9-BC1E-7B2C604745D2}.Release|Any CPU.ActiveCfg = Release|Any CPU
		{8CB81C4F-1880-42B9-BC1E-7B2C604745D2}.Release|Any CPU.Build.0 = Release|Any CPU
		{1E73AB25-7A24-4FFE-A275-FF7618655C7F}.Debug|Any CPU.ActiveCfg = Debug|Any CPU
		{1E73AB25-7A24-4FFE-A275-FF7618655C7F}.Debug|Any CPU.Build.0 = Debug|Any CPU
		{1E73AB25-7A24-4FFE-A275-FF7618655C7F}.Release|Any CPU.ActiveCfg = Release|Any CPU
		{1E73AB25-7A24-4FFE-A275-FF7618655C7F}.Release|Any CPU.Build.0 = Release|Any CPU
	EndGlobalSection
	GlobalSection(SolutionProperties) = preSolution
		HideSolutionNode = FALSE
	EndGlobalSection
	GlobalSection(NestedProjects) = preSolution
		{8CB81C4F-1880-42B9-BC1E-7B2C604745D2} = {9AB77E0E-5815-4EAD-953E-B2A7A863FD46}
		{1E73AB25-7A24-4FFE-A275-FF7618655C7F} = {9AB77E0E-5815-4EAD-953E-B2A7A863FD46}
	EndGlobalSection
	GlobalSection(ExtensibilityGlobals) = postSolution
		SolutionGuid = {842B3EA8-CA9E-4CAC-A225-466214F375A9}
	EndGlobalSection
EndGlobal
